// !$*UTF8*$!
{
	archiveVersion = 1;
	classes = {
	};
	objectVersion = 55;
	objects = {

/* Begin PBXBuildFile section */
		09E6AFBB283E5F4B00F46D4A /* AppDelegate.swift in Sources */ = {isa = PBXBuildFile; fileRef = 09E6AFBA283E5F4B00F46D4A /* AppDelegate.swift */; };
		09E6AFBD283E5F4B00F46D4A /* SceneDelegate.swift in Sources */ = {isa = PBXBuildFile; fileRef = 09E6AFBC283E5F4B00F46D4A /* SceneDelegate.swift */; };
		09E6AFBF283E5F4B00F46D4A /* ViewController.swift in Sources */ = {isa = PBXBuildFile; fileRef = 09E6AFBE283E5F4B00F46D4A /* ViewController.swift */; };
		09E6AFC2283E5F4B00F46D4A /* Main.storyboard in Resources */ = {isa = PBXBuildFile; fileRef = 09E6AFC0283E5F4B00F46D4A /* Main.storyboard */; };
		09E6AFC5283E5F4B00F46D4A /* enquraCase.xcdatamodeld in Sources */ = {isa = PBXBuildFile; fileRef = 09E6AFC3283E5F4B00F46D4A /* enquraCase.xcdatamodeld */; };
		09E6AFC7283E5F4C00F46D4A /* Assets.xcassets in Resources */ = {isa = PBXBuildFile; fileRef = 09E6AFC6283E5F4C00F46D4A /* Assets.xcassets */; };
		09E6AFCA283E5F4C00F46D4A /* LaunchScreen.storyboard in Resources */ = {isa = PBXBuildFile; fileRef = 09E6AFC8283E5F4C00F46D4A /* LaunchScreen.storyboard */; };
		09E6AFD5283E5F4D00F46D4A /* enquraCaseTests.swift in Sources */ = {isa = PBXBuildFile; fileRef = 09E6AFD4283E5F4D00F46D4A /* enquraCaseTests.swift */; };
		09E6AFDF283E5F4D00F46D4A /* enquraCaseUITests.swift in Sources */ = {isa = PBXBuildFile; fileRef = 09E6AFDE283E5F4D00F46D4A /* enquraCaseUITests.swift */; };
		09E6AFE1283E5F4D00F46D4A /* enquraCaseUITestsLaunchTests.swift in Sources */ = {isa = PBXBuildFile; fileRef = 09E6AFE0283E5F4D00F46D4A /* enquraCaseUITestsLaunchTests.swift */; };
/* End PBXBuildFile section */

/* Begin PBXContainerItemProxy section */
		09E6AFD1283E5F4D00F46D4A /* PBXContainerItemProxy */ = {
			isa = PBXContainerItemProxy;
			containerPortal = 09E6AFAF283E5F4A00F46D4A /* Project object */;
			proxyType = 1;
			remoteGlobalIDString = 09E6AFB6283E5F4A00F46D4A;
			remoteInfo = enquraCase;
		};
		09E6AFDB283E5F4D00F46D4A /* PBXContainerItemProxy */ = {
			isa = PBXContainerItemProxy;
			containerPortal = 09E6AFAF283E5F4A00F46D4A /* Project object */;
			proxyType = 1;
			remoteGlobalIDString = 09E6AFB6283E5F4A00F46D4A;
			remoteInfo = enquraCase;
		};
/* End PBXContainerItemProxy section */

/* Begin PBXFileReference section */
		09E6AFB7283E5F4A00F46D4A /* enquraCase.app */ = {isa = PBXFileReference; explicitFileType = wrapper.application; includeInIndex = 0; path = enquraCase.app; sourceTree = BUILT_PRODUCTS_DIR; };
		09E6AFBA283E5F4B00F46D4A /* AppDelegate.swift */ = {isa = PBXFileReference; lastKnownFileType = sourcecode.swift; path = AppDelegate.swift; sourceTree = "<group>"; };
		09E6AFBC283E5F4B00F46D4A /* SceneDelegate.swift */ = {isa = PBXFileReference; lastKnownFileType = sourcecode.swift; path = SceneDelegate.swift; sourceTree = "<group>"; };
		09E6AFBE283E5F4B00F46D4A /* ViewController.swift */ = {isa = PBXFileReference; lastKnownFileType = sourcecode.swift; path = ViewController.swift; sourceTree = "<group>"; };
		09E6AFC1283E5F4B00F46D4A /* Base */ = {isa = PBXFileReference; lastKnownFileType = file.storyboard; name = Base; path = Base.lproj/Main.storyboard; sourceTree = "<group>"; };
		09E6AFC4283E5F4B00F46D4A /* enquraCase.xcdatamodel */ = {isa = PBXFileReference; lastKnownFileType = wrapper.xcdatamodel; path = enquraCase.xcdatamodel; sourceTree = "<group>"; };
		09E6AFC6283E5F4C00F46D4A /* Assets.xcassets */ = {isa = PBXFileReference; lastKnownFileType = folder.assetcatalog; path = Assets.xcassets; sourceTree = "<group>"; };
		09E6AFC9283E5F4C00F46D4A /* Base */ = {isa = PBXFileReference; lastKnownFileType = file.storyboard; name = Base; path = Base.lproj/LaunchScreen.storyboard; sourceTree = "<group>"; };
		09E6AFCB283E5F4C00F46D4A /* Info.plist */ = {isa = PBXFileReference; lastKnownFileType = text.plist.xml; path = Info.plist; sourceTree = "<group>"; };
		09E6AFD0283E5F4D00F46D4A /* enquraCaseTests.xctest */ = {isa = PBXFileReference; explicitFileType = wrapper.cfbundle; includeInIndex = 0; path = enquraCaseTests.xctest; sourceTree = BUILT_PRODUCTS_DIR; };
		09E6AFD4283E5F4D00F46D4A /* enquraCaseTests.swift */ = {isa = PBXFileReference; lastKnownFileType = sourcecode.swift; path = enquraCaseTests.swift; sourceTree = "<group>"; };
		09E6AFDA283E5F4D00F46D4A /* enquraCaseUITests.xctest */ = {isa = PBXFileReference; explicitFileType = wrapper.cfbundle; includeInIndex = 0; path = enquraCaseUITests.xctest; sourceTree = BUILT_PRODUCTS_DIR; };
		09E6AFDE283E5F4D00F46D4A /* enquraCaseUITests.swift */ = {isa = PBXFileReference; lastKnownFileType = sourcecode.swift; path = enquraCaseUITests.swift; sourceTree = "<group>"; };
		09E6AFE0283E5F4D00F46D4A /* enquraCaseUITestsLaunchTests.swift */ = {isa = PBXFileReference; lastKnownFileType = sourcecode.swift; path = enquraCaseUITestsLaunchTests.swift; sourceTree = "<group>"; };
/* End PBXFileReference section */

/* Begin PBXFrameworksBuildPhase section */
		09E6AFB4283E5F4A00F46D4A /* Frameworks */ = {
			isa = PBXFrameworksBuildPhase;
			buildActionMask = 2147483647;
			files = (
			);
			runOnlyForDeploymentPostprocessing = 0;
		};
		09E6AFCD283E5F4D00F46D4A /* Frameworks */ = {
			isa = PBXFrameworksBuildPhase;
			buildActionMask = 2147483647;
			files = (
			);
			runOnlyForDeploymentPostprocessing = 0;
		};
		09E6AFD7283E5F4D00F46D4A /* Frameworks */ = {
			isa = PBXFrameworksBuildPhase;
			buildActionMask = 2147483647;
			files = (
			);
			runOnlyForDeploymentPostprocessing = 0;
		};
/* End PBXFrameworksBuildPhase section */

/* Begin PBXGroup section */
		09E6AFAE283E5F4A00F46D4A = {
			isa = PBXGroup;
			children = (
				09E6AFB9283E5F4B00F46D4A /* enquraCase */,
				09E6AFD3283E5F4D00F46D4A /* enquraCaseTests */,
				09E6AFDD283E5F4D00F46D4A /* enquraCaseUITests */,
				09E6AFB8283E5F4A00F46D4A /* Products */,
			);
			sourceTree = "<group>";
		};
		09E6AFB8283E5F4A00F46D4A /* Products */ = {
			isa = PBXGroup;
			children = (
				09E6AFB7283E5F4A00F46D4A /* enquraCase.app */,
				09E6AFD0283E5F4D00F46D4A /* enquraCaseTests.xctest */,
				09E6AFDA283E5F4D00F46D4A /* enquraCaseUITests.xctest */,
			);
			name = Products;
			sourceTree = "<group>";
		};
		09E6AFB9283E5F4B00F46D4A /* enquraCase */ = {
			isa = PBXGroup;
			children = (
				09E6AFBA283E5F4B00F46D4A /* AppDelegate.swift */,
				09E6AFBC283E5F4B00F46D4A /* SceneDelegate.swift */,
				09E6AFBE283E5F4B00F46D4A /* ViewController.swift */,
				09E6AFC0283E5F4B00F46D4A /* Main.storyboard */,
				09E6AFC6283E5F4C00F46D4A /* Assets.xcassets */,
				09E6AFC8283E5F4C00F46D4A /* LaunchScreen.storyboard */,
				09E6AFCB283E5F4C00F46D4A /* Info.plist */,
				09E6AFC3283E5F4B00F46D4A /* enquraCase.xcdatamodeld */,
			);
			path = enquraCase;
			sourceTree = "<group>";
		};
		09E6AFD3283E5F4D00F46D4A /* enquraCaseTests */ = {
			isa = PBXGroup;
			children = (
				09E6AFD4283E5F4D00F46D4A /* enquraCaseTests.swift */,
			);
			path = enquraCaseTests;
			sourceTree = "<group>";
		};
		09E6AFDD283E5F4D00F46D4A /* enquraCaseUITests */ = {
			isa = PBXGroup;
			children = (
				09E6AFDE283E5F4D00F46D4A /* enquraCaseUITests.swift */,
				09E6AFE0283E5F4D00F46D4A /* enquraCaseUITestsLaunchTests.swift */,
			);
			path = enquraCaseUITests;
			sourceTree = "<group>";
		};
/* End PBXGroup section */

/* Begin PBXNativeTarget section */
		09E6AFB6283E5F4A00F46D4A /* enquraCase */ = {
			isa = PBXNativeTarget;
			buildConfigurationList = 09E6AFE4283E5F4D00F46D4A /* Build configuration list for PBXNativeTarget "enquraCase" */;
			buildPhases = (
				09E6AFB3283E5F4A00F46D4A /* Sources */,
				09E6AFB4283E5F4A00F46D4A /* Frameworks */,
				09E6AFB5283E5F4A00F46D4A /* Resources */,
			);
			buildRules = (
			);
			dependencies = (
			);
			name = enquraCase;
			productName = enquraCase;
			productReference = 09E6AFB7283E5F4A00F46D4A /* enquraCase.app */;
			productType = "com.apple.product-type.application";
		};
		09E6AFCF283E5F4D00F46D4A /* enquraCaseTests */ = {
			isa = PBXNativeTarget;
			buildConfigurationList = 09E6AFE7283E5F4D00F46D4A /* Build configuration list for PBXNativeTarget "enquraCaseTests" */;
			buildPhases = (
				09E6AFCC283E5F4D00F46D4A /* Sources */,
				09E6AFCD283E5F4D00F46D4A /* Frameworks */,
				09E6AFCE283E5F4D00F46D4A /* Resources */,
			);
			buildRules = (
			);
			dependencies = (
				09E6AFD2283E5F4D00F46D4A /* PBXTargetDependency */,
			);
			name = enquraCaseTests;
			productName = enquraCaseTests;
			productReference = 09E6AFD0283E5F4D00F46D4A /* enquraCaseTests.xctest */;
			productType = "com.apple.product-type.bundle.unit-test";
		};
		09E6AFD9283E5F4D00F46D4A /* enquraCaseUITests */ = {
			isa = PBXNativeTarget;
			buildConfigurationList = 09E6AFEA283E5F4D00F46D4A /* Build configuration list for PBXNativeTarget "enquraCaseUITests" */;
			buildPhases = (
				09E6AFD6283E5F4D00F46D4A /* Sources */,
				09E6AFD7283E5F4D00F46D4A /* Frameworks */,
				09E6AFD8283E5F4D00F46D4A /* Resources */,
			);
			buildRules = (
			);
			dependencies = (
				09E6AFDC283E5F4D00F46D4A /* PBXTargetDependency */,
			);
			name = enquraCaseUITests;
			productName = enquraCaseUITests;
			productReference = 09E6AFDA283E5F4D00F46D4A /* enquraCaseUITests.xctest */;
			productType = "com.apple.product-type.bundle.ui-testing";
		};
/* End PBXNativeTarget section */

/* Begin PBXProject section */
		09E6AFAF283E5F4A00F46D4A /* Project object */ = {
			isa = PBXProject;
			attributes = {
				BuildIndependentTargetsInParallel = 1;
				LastSwiftUpdateCheck = 1330;
				LastUpgradeCheck = 1330;
				TargetAttributes = {
					09E6AFB6283E5F4A00F46D4A = {
						CreatedOnToolsVersion = 13.3;
					};
					09E6AFCF283E5F4D00F46D4A = {
						CreatedOnToolsVersion = 13.3;
						TestTargetID = 09E6AFB6283E5F4A00F46D4A;
					};
					09E6AFD9283E5F4D00F46D4A = {
						CreatedOnToolsVersion = 13.3;
						TestTargetID = 09E6AFB6283E5F4A00F46D4A;
					};
				};
			};
			buildConfigurationList = 09E6AFB2283E5F4A00F46D4A /* Build configuration list for PBXProject "enquraCase" */;
			compatibilityVersion = "Xcode 13.0";
			developmentRegion = en;
			hasScannedForEncodings = 0;
			knownRegions = (
				en,
				Base,
			);
			mainGroup = 09E6AFAE283E5F4A00F46D4A;
			productRefGroup = 09E6AFB8283E5F4A00F46D4A /* Products */;
			projectDirPath = "";
			projectRoot = "";
			targets = (
				09E6AFB6283E5F4A00F46D4A /* enquraCase */,
				09E6AFCF283E5F4D00F46D4A /* enquraCaseTests */,
				09E6AFD9283E5F4D00F46D4A /* enquraCaseUITests */,
			);
		};
/* End PBXProject section */

/* Begin PBXResourcesBuildPhase section */
		09E6AFB5283E5F4A00F46D4A /* Resources */ = {
			isa = PBXResourcesBuildPhase;
			buildActionMask = 2147483647;
			files = (
				09E6AFCA283E5F4C00F46D4A /* LaunchScreen.storyboard in Resources */,
				09E6AFC7283E5F4C00F46D4A /* Assets.xcassets in Resources */,
				09E6AFC2283E5F4B00F46D4A /* Main.storyboard in Resources */,
			);
			runOnlyForDeploymentPostprocessing = 0;
		};
		09E6AFCE283E5F4D00F46D4A /* Resources */ = {
			isa = PBXResourcesBuildPhase;
			buildActionMask = 2147483647;
			files = (
			);
			runOnlyForDeploymentPostprocessing = 0;
		};
		09E6AFD8283E5F4D00F46D4A /* Resources */ = {
			isa = PBXResourcesBuildPhase;
			buildActionMask = 2147483647;
			files = (
			);
			runOnlyForDeploymentPostprocessing = 0;
		};
/* End PBXResourcesBuildPhase section */

/* Begin PBXSourcesBuildPhase section */
		09E6AFB3283E5F4A00F46D4A /* Sources */ = {
			isa = PBXSourcesBuildPhase;
			buildActionMask = 2147483647;
			files = (
				09E6AFBF283E5F4B00F46D4A /* ViewController.swift in Sources */,
				09E6AFBB283E5F4B00F46D4A /* AppDelegate.swift in Sources */,
				09E6AFBD283E5F4B00F46D4A /* SceneDelegate.swift in Sources */,
				09E6AFC5283E5F4B00F46D4A /* enquraCase.xcdatamodeld in Sources */,
			);
			runOnlyForDeploymentPostprocessing = 0;
		};
		09E6AFCC283E5F4D00F46D4A /* Sources */ = {
			isa = PBXSourcesBuildPhase;
			buildActionMask = 2147483647;
			files = (
				09E6AFD5283E5F4D00F46D4A /* enquraCaseTests.swift in Sources */,
			);
			runOnlyForDeploymentPostprocessing = 0;
		};
		09E6AFD6283E5F4D00F46D4A /* Sources */ = {
			isa = PBXSourcesBuildPhase;
			buildActionMask = 2147483647;
			files = (
				09E6AFE1283E5F4D00F46D4A /* enquraCaseUITestsLaunchTests.swift in Sources */,
				09E6AFDF283E5F4D00F46D4A /* enquraCaseUITests.swift in Sources */,
			);
			runOnlyForDeploymentPostprocessing = 0;
		};
/* End PBXSourcesBuildPhase section */

/* Begin PBXTargetDependency section */
		09E6AFD2283E5F4D00F46D4A /* PBXTargetDependency */ = {
			isa = PBXTargetDependency;
			target = 09E6AFB6283E5F4A00F46D4A /* enquraCase */;
			targetProxy = 09E6AFD1283E5F4D00F46D4A /* PBXContainerItemProxy */;
		};
		09E6AFDC283E5F4D00F46D4A /* PBXTargetDependency */ = {
			isa = PBXTargetDependency;
			target = 09E6AFB6283E5F4A00F46D4A /* enquraCase */;
			targetProxy = 09E6AFDB283E5F4D00F46D4A /* PBXContainerItemProxy */;
		};
/* End PBXTargetDependency section */

/* Begin PBXVariantGroup section */
		09E6AFC0283E5F4B00F46D4A /* Main.storyboard */ = {
			isa = PBXVariantGroup;
			children = (
				09E6AFC1283E5F4B00F46D4A /* Base */,
			);
			name = Main.storyboard;
			sourceTree = "<group>";
		};
		09E6AFC8283E5F4C00F46D4A /* LaunchScreen.storyboard */ = {
			isa = PBXVariantGroup;
			children = (
				09E6AFC9283E5F4C00F46D4A /* Base */,
			);
			name = LaunchScreen.storyboard;
			sourceTree = "<group>";
		};
/* End PBXVariantGroup section */

/* Begin XCBuildConfiguration section */
		09E6AFE2283E5F4D00F46D4A /* Debug */ = {
			isa = XCBuildConfiguration;
			buildSettings = {
				ALWAYS_SEARCH_USER_PATHS = NO;
				CLANG_ANALYZER_NONNULL = YES;
				CLANG_ANALYZER_NUMBER_OBJECT_CONVERSION = YES_AGGRESSIVE;
				CLANG_CXX_LANGUAGE_STANDARD = "gnu++17";
				CLANG_ENABLE_MODULES = YES;
				CLANG_ENABLE_OBJC_ARC = YES;
				CLANG_ENABLE_OBJC_WEAK = YES;
				CLANG_WARN_BLOCK_CAPTURE_AUTORELEASING = YES;
				CLANG_WARN_BOOL_CONVERSION = YES;
				CLANG_WARN_COMMA = YES;
				CLANG_WARN_CONSTANT_CONVERSION = YES;
				CLANG_WARN_DEPRECATED_OBJC_IMPLEMENTATIONS = YES;
				CLANG_WARN_DIRECT_OBJC_ISA_USAGE = YES_ERROR;
				CLANG_WARN_DOCUMENTATION_COMMENTS = YES;
				CLANG_WARN_EMPTY_BODY = YES;
				CLANG_WARN_ENUM_CONVERSION = YES;
				CLANG_WARN_INFINITE_RECURSION = YES;
				CLANG_WARN_INT_CONVERSION = YES;
				CLANG_WARN_NON_LITERAL_NULL_CONVERSION = YES;
				CLANG_WARN_OBJC_IMPLICIT_RETAIN_SELF = YES;
				CLANG_WARN_OBJC_LITERAL_CONVERSION = YES;
				CLANG_WARN_OBJC_ROOT_CLASS = YES_ERROR;
				CLANG_WARN_QUOTED_INCLUDE_IN_FRAMEWORK_HEADER = YES;
				CLANG_WARN_RANGE_LOOP_ANALYSIS = YES;
				CLANG_WARN_STRICT_PROTOTYPES = YES;
				CLANG_WARN_SUSPICIOUS_MOVE = YES;
				CLANG_WARN_UNGUARDED_AVAILABILITY = YES_AGGRESSIVE;
				CLANG_WARN_UNREACHABLE_CODE = YES;
				CLANG_WARN__DUPLICATE_METHOD_MATCH = YES;
				COPY_PHASE_STRIP = NO;
				DEBUG_INFORMATION_FORMAT = dwarf;
				ENABLE_STRICT_OBJC_MSGSEND = YES;
				ENABLE_TESTABILITY = YES;
				GCC_C_LANGUAGE_STANDARD = gnu11;
				GCC_DYNAMIC_NO_PIC = NO;
				GCC_NO_COMMON_BLOCKS = YES;
				GCC_OPTIMIZATION_LEVEL = 0;
				GCC_PREPROCESSOR_DEFINITIONS = (
					"DEBUG=1",
					"$(inherited)",
				);
				GCC_WARN_64_TO_32_BIT_CONVERSION = YES;
				GCC_WARN_ABOUT_RETURN_TYPE = YES_ERROR;
				GCC_WARN_UNDECLARED_SELECTOR = YES;
				GCC_WARN_UNINITIALIZED_AUTOS = YES_AGGRESSIVE;
				GCC_WARN_UNUSED_FUNCTION = YES;
				GCC_WARN_UNUSED_VARIABLE = YES;
				IPHONEOS_DEPLOYMENT_TARGET = 15.4;
				MTL_ENABLE_DEBUG_INFO = INCLUDE_SOURCE;
				MTL_FAST_MATH = YES;
				ONLY_ACTIVE_ARCH = YES;
				SDKROOT = iphoneos;
				SWIFT_ACTIVE_COMPILATION_CONDITIONS = DEBUG;
				SWIFT_OPTIMIZATION_LEVEL = "-Onone";
			};
			name = Debug;
		};
		09E6AFE3283E5F4D00F46D4A /* Release */ = {
			isa = XCBuildConfiguration;
			buildSettings = {
				ALWAYS_SEARCH_USER_PATHS = NO;
				CLANG_ANALYZER_NONNULL = YES;
				CLANG_ANALYZER_NUMBER_OBJECT_CONVERSION = YES_AGGRESSIVE;
				CLANG_CXX_LANGUAGE_STANDARD = "gnu++17";
				CLANG_ENABLE_MODULES = YES;
				CLANG_ENABLE_OBJC_ARC = YES;
				CLANG_ENABLE_OBJC_WEAK = YES;
				CLANG_WARN_BLOCK_CAPTURE_AUTORELEASING = YES;
				CLANG_WARN_BOOL_CONVERSION = YES;
				CLANG_WARN_COMMA = YES;
				CLANG_WARN_CONSTANT_CONVERSION = YES;
				CLANG_WARN_DEPRECATED_OBJC_IMPLEMENTATIONS = YES;
				CLANG_WARN_DIRECT_OBJC_ISA_USAGE = YES_ERROR;
				CLANG_WARN_DOCUMENTATION_COMMENTS = YES;
				CLANG_WARN_EMPTY_BODY = YES;
				CLANG_WARN_ENUM_CONVERSION = YES;
				CLANG_WARN_INFINITE_RECURSION = YES;
				CLANG_WARN_INT_CONVERSION = YES;
				CLANG_WARN_NON_LITERAL_NULL_CONVERSION = YES;
				CLANG_WARN_OBJC_IMPLICIT_RETAIN_SELF = YES;
				CLANG_WARN_OBJC_LITERAL_CONVERSION = YES;
				CLANG_WARN_OBJC_ROOT_CLASS = YES_ERROR;
				CLANG_WARN_QUOTED_INCLUDE_IN_FRAMEWORK_HEADER = YES;
				CLANG_WARN_RANGE_LOOP_ANALYSIS = YES;
				CLANG_WARN_STRICT_PROTOTYPES = YES;
				CLANG_WARN_SUSPICIOUS_MOVE = YES;
				CLANG_WARN_UNGUARDED_AVAILABILITY = YES_AGGRESSIVE;
				CLANG_WARN_UNREACHABLE_CODE = YES;
				CLANG_WARN__DUPLICATE_METHOD_MATCH = YES;
				COPY_PHASE_STRIP = NO;
				DEBUG_INFORMATION_FORMAT = "dwarf-with-dsym";
				ENABLE_NS_ASSERTIONS = NO;
				ENABLE_STRICT_OBJC_MSGSEND = YES;
				GCC_C_LANGUAGE_STANDARD = gnu11;
				GCC_NO_COMMON_BLOCKS = YES;
				GCC_WARN_64_TO_32_BIT_CONVERSION = YES;
				GCC_WARN_ABOUT_RETURN_TYPE = YES_ERROR;
				GCC_WARN_UNDECLARED_SELECTOR = YES;
				GCC_WARN_UNINITIALIZED_AUTOS = YES_AGGRESSIVE;
				GCC_WARN_UNUSED_FUNCTION = YES;
				GCC_WARN_UNUSED_VARIABLE = YES;
				IPHONEOS_DEPLOYMENT_TARGET = 15.4;
				MTL_ENABLE_DEBUG_INFO = NO;
				MTL_FAST_MATH = YES;
				SDKROOT = iphoneos;
				SWIFT_COMPILATION_MODE = wholemodule;
				SWIFT_OPTIMIZATION_LEVEL = "-O";
				VALIDATE_PRODUCT = YES;
			};
			name = Release;
		};
		09E6AFE5283E5F4D00F46D4A /* Debug */ = {
			isa = XCBuildConfiguration;
			buildSettings = {
				ASSETCATALOG_COMPILER_APPICON_NAME = AppIcon;
				ASSETCATALOG_COMPILER_GLOBAL_ACCENT_COLOR_NAME = AccentColor;
				CODE_SIGN_STYLE = Automatic;
				CURRENT_PROJECT_VERSION = 1;
				DEVELOPMENT_TEAM = 5H266929N4;
				GENERATE_INFOPLIST_FILE = YES;
				INFOPLIST_FILE = enquraCase/Info.plist;
				INFOPLIST_KEY_UIApplicationSupportsIndirectInputEvents = YES;
				INFOPLIST_KEY_UILaunchStoryboardName = LaunchScreen;
				INFOPLIST_KEY_UIMainStoryboardFile = Main;
				INFOPLIST_KEY_UISupportedInterfaceOrientations_iPad = "UIInterfaceOrientationPortrait UIInterfaceOrientationPortraitUpsideDown UIInterfaceOrientationLandscapeLeft UIInterfaceOrientationLandscapeRight";
				INFOPLIST_KEY_UISupportedInterfaceOrientations_iPhone = "UIInterfaceOrientationPortrait UIInterfaceOrientationLandscapeLeft UIInterfaceOrientationLandscapeRight";
				LD_RUNPATH_SEARCH_PATHS = (
					"$(inherited)",
					"@executable_path/Frameworks",
				);
				MARKETING_VERSION = 1.0;
				PRODUCT_BUNDLE_IDENTIFIER = yaseminsalan.com.enquraCase;
				PRODUCT_NAME = "$(TARGET_NAME)";
				SWIFT_EMIT_LOC_STRINGS = YES;
				SWIFT_VERSION = 5.0;
				TARGETED_DEVICE_FAMILY = "1,2";
			};
			name = Debug;
		};
		09E6AFE6283E5F4D00F46D4A /* Release */ = {
			isa = XCBuildConfiguration;
			buildSettings = {
				ASSETCATALOG_COMPILER_APPICON_NAME = AppIcon;
				ASSETCATALOG_COMPILER_GLOBAL_ACCENT_COLOR_NAME = AccentColor;
				CODE_SIGN_STYLE = Automatic;
				CURRENT_PROJECT_VERSION = 1;
				DEVELOPMENT_TEAM = 5H266929N4;
				GENERATE_INFOPLIST_FILE = YES;
				INFOPLIST_FILE = enquraCase/Info.plist;
				INFOPLIST_KEY_UIApplicationSupportsIndirectInputEvents = YES;
				INFOPLIST_KEY_UILaunchStoryboardName = LaunchScreen;
				INFOPLIST_KEY_UIMainStoryboardFile = Main;
				INFOPLIST_KEY_UISupportedInterfaceOrientations_iPad = "UIInterfaceOrientationPortrait UIInterfaceOrientationPortraitUpsideDown UIInterfaceOrientationLandscapeLeft UIInterfaceOrientationLandscapeRight";
				INFOPLIST_KEY_UISupportedInterfaceOrientations_iPhone = "UIInterfaceOrientationPortrait UIInterfaceOrientationLandscapeLeft UIInterfaceOrientationLandscapeRight";
				LD_RUNPATH_SEARCH_PATHS = (
					"$(inherited)",
					"@executable_path/Frameworks",
				);
				MARKETING_VERSION = 1.0;
				PRODUCT_BUNDLE_IDENTIFIER = yaseminsalan.com.enquraCase;
				PRODUCT_NAME = "$(TARGET_NAME)";
				SWIFT_EMIT_LOC_STRINGS = YES;
				SWIFT_VERSION = 5.0;
				TARGETED_DEVICE_FAMILY = "1,2";
			};
			name = Release;
		};
		09E6AFE8283E5F4D00F46D4A /* Debug */ = {
			isa = XCBuildConfiguration;
			buildSettings = {
				ALWAYS_EMBED_SWIFT_STANDARD_LIBRARIES = YES;
				BUNDLE_LOADER = "$(TEST_HOST)";
				CODE_SIGN_STYLE = Automatic;
				CURRENT_PROJECT_VERSION = 1;
				DEVELOPMENT_TEAM = 5H266929N4;
				GENERATE_INFOPLIST_FILE = YES;
				IPHONEOS_DEPLOYMENT_TARGET = 15.4;
				MARKETING_VERSION = 1.0;
				PRODUCT_BUNDLE_IDENTIFIER = yaseminsalan.com.enquraCaseTests;
				PRODUCT_NAME = "$(TARGET_NAME)";
				SWIFT_EMIT_LOC_STRINGS = NO;
				SWIFT_VERSION = 5.0;
				TARGETED_DEVICE_FAMILY = "1,2";
				TEST_HOST = "$(BUILT_PRODUCTS_DIR)/enquraCase.app/enquraCase";
			};
			name = Debug;
		};
		09E6AFE9283E5F4D00F46D4A /* Release */ = {
			isa = XCBuildConfiguration;
			buildSettings = {
				ALWAYS_EMBED_SWIFT_STANDARD_LIBRARIES = YES;
				BUNDLE_LOADER = "$(TEST_HOST)";
				CODE_SIGN_STYLE = Automatic;
				CURRENT_PROJECT_VERSION = 1;
				DEVELOPMENT_TEAM = 5H266929N4;
				GENERATE_INFOPLIST_FILE = YES;
				IPHONEOS_DEPLOYMENT_TARGET = 15.4;
				MARKETING_VERSION = 1.0;
				PRODUCT_BUNDLE_IDENTIFIER = yaseminsalan.com.enquraCaseTests;
				PRODUCT_NAME = "$(TARGET_NAME)";
				SWIFT_EMIT_LOC_STRINGS = NO;
				SWIFT_VERSION = 5.0;
				TARGETED_DEVICE_FAMILY = "1,2";
				TEST_HOST = "$(BUILT_PRODUCTS_DIR)/enquraCase.app/enquraCase";
			};
			name = Release;
		};
		09E6AFEB283E5F4D00F46D4A /* Debug */ = {
			isa = XCBuildConfiguration;
			buildSettings = {
				ALWAYS_EMBED_SWIFT_STANDARD_LIBRARIES = YES;
				CODE_SIGN_STYLE = Automatic;
				CURRENT_PROJECT_VERSION = 1;
				DEVELOPMENT_TEAM = 5H266929N4;
				GENERATE_INFOPLIST_FILE = YES;
				MARKETING_VERSION = 1.0;
				PRODUCT_BUNDLE_IDENTIFIER = yaseminsalan.com.enquraCaseUITests;
				PRODUCT_NAME = "$(TARGET_NAME)";
				SWIFT_EMIT_LOC_STRINGS = NO;
				SWIFT_VERSION = 5.0;
				TARGETED_DEVICE_FAMILY = "1,2";
				TEST_TARGET_NAME = enquraCase;
			};
			name = Debug;
		};
		09E6AFEC283E5F4D00F46D4A /* Release */ = {
			isa = XCBuildConfiguration;
			buildSettings = {
				ALWAYS_EMBED_SWIFT_STANDARD_LIBRARIES = YES;
				CODE_SIGN_STYLE = Automatic;
				CURRENT_PROJECT_VERSION = 1;
				DEVELOPMENT_TEAM = 5H266929N4;
				GENERATE_INFOPLIST_FILE = YES;
				MARKETING_VERSION = 1.0;
				PRODUCT_BUNDLE_IDENTIFIER = yaseminsalan.com.enquraCaseUITests;
				PRODUCT_NAME = "$(TARGET_NAME)";
				SWIFT_EMIT_LOC_STRINGS = NO;
				SWIFT_VERSION = 5.0;
				TARGETED_DEVICE_FAMILY = "1,2";
				TEST_TARGET_NAME = enquraCase;
			};
			name = Release;
		};
/* End XCBuildConfiguration section */

/* Begin XCConfigurationList section */
		09E6AFB2283E5F4A00F46D4A /* Build configuration list for PBXProject "enquraCase" */ = {
			isa = XCConfigurationList;
			buildConfigurations = (
				09E6AFE2283E5F4D00F46D4A /* Debug */,
				09E6AFE3283E5F4D00F46D4A /* Release */,
			);
			defaultConfigurationIsVisible = 0;
			defaultConfigurationName = Release;
		};
		09E6AFE4283E5F4D00F46D4A /* Build configuration list for PBXNativeTarget "enquraCase" */ = {
			isa = XCConfigurationList;
			buildConfigurations = (
				09E6AFE5283E5F4D00F46D4A /* Debug */,
				09E6AFE6283E5F4D00F46D4A /* Release */,
			);
			defaultConfigurationIsVisible = 0;
			defaultConfigurationName = Release;
		};
		09E6AFE7283E5F4D00F46D4A /* Build configuration list for PBXNativeTarget "enquraCaseTests" */ = {
			isa = XCConfigurationList;
			buildConfigurations = (
				09E6AFE8283E5F4D00F46D4A /* Debug */,
				09E6AFE9283E5F4D00F46D4A /* Release */,
			);
			defaultConfigurationIsVisible = 0;
			defaultConfigurationName = Release;
		};
		09E6AFEA283E5F4D00F46D4A /* Build configuration list for PBXNativeTarget "enquraCaseUITests" */ = {
			isa = XCConfigurationList;
			buildConfigurations = (
				09E6AFEB283E5F4D00F46D4A /* Debug */,
				09E6AFEC283E5F4D00F46D4A /* Release */,
			);
			defaultConfigurationIsVisible = 0;
			defaultConfigurationName = Release;
		};
/* End XCConfigurationList section */

/* Begin XCVersionGroup section */
		09E6AFC3283E5F4B00F46D4A /* enquraCase.xcdatamodeld */ = {
			isa = XCVersionGroup;
			children = (
				09E6AFC4283E5F4B00F46D4A /* enquraCase.xcdatamodel */,
			);
			currentVersion = 09E6AFC4283E5F4B00F46D4A /* enquraCase.xcdatamodel */;
			path = enquraCase.xcdatamodeld;
			sourceTree = "<group>";
			versionGroupType = wrapper.xcdatamodel;
		};
/* End XCVersionGroup section */
	};
	rootObject = 09E6AFAF283E5F4A00F46D4A /* Project object */;
}
