PODS:
  - Alamofire (5.6.1)
  - GravitySliderFlowLayout (1.0)
  - SwiftyJSON (4.3.0)

DEPENDENCIES:
  - Alamofire
  - GravitySliderFlowLayout
  - SwiftyJSON (~> 4.0)

SPEC REPOS:
  trunk:
    - Alamofire
    - GravitySliderFlowLayout
    - SwiftyJSON

SPEC CHECKSUMS:
  Alamofire: 87bd8c952f9a4454320fce00d9cc3de57bcadaf5
  GravitySliderFlowLayout: bb9ae6a302b85821c9e0271c00533fae8091143b
  SwiftyJSON: 6faa0040f8b59dead0ee07436cbf76b73c08fd08

PODFILE CHECKSUM: 5e392c2c36b6a843d9a2a686deaa3766263360c2

COCOAPODS: 1.11.3
